// !$*UTF8*$!
{
	archiveVersion = 1;
	classes = {
	};
	objectVersion = 46;
	objects = {

/* Begin PBXBuildFile section */
		D0A5AEBA1388ABE300D8E049 /* UIKit.framework in Frameworks */ = {isa = PBXBuildFile; fileRef = D0A5AEB91388ABE300D8E049 /* UIKit.framework */; };
		D0A5AEBC1388ABE300D8E049 /* Foundation.framework in Frameworks */ = {isa = PBXBuildFile; fileRef = D0A5AEBB1388ABE300D8E049 /* Foundation.framework */; };
		D0A5AEBE1388ABE300D8E049 /* CoreGraphics.framework in Frameworks */ = {isa = PBXBuildFile; fileRef = D0A5AEBD1388ABE300D8E049 /* CoreGraphics.framework */; };
		D0A5AEC41388ABE300D8E049 /* InfoPlist.strings in Resources */ = {isa = PBXBuildFile; fileRef = D0A5AEC21388ABE300D8E049 /* InfoPlist.strings */; };
		D0A5AEC71388ABE300D8E049 /* main.m in Sources */ = {isa = PBXBuildFile; fileRef = D0A5AEC61388ABE300D8E049 /* main.m */; };
		D0A5AECA1388ABE300D8E049 /* PsychologistAppDelegate.m in Sources */ = {isa = PBXBuildFile; fileRef = D0A5AEC91388ABE300D8E049 /* PsychologistAppDelegate.m */; };
		D0A5AECD1388ABE300D8E049 /* MainWindow.xib in Resources */ = {isa = PBXBuildFile; fileRef = D0A5AECB1388ABE300D8E049 /* MainWindow.xib */; };
		D0A5AED51388ACB500D8E049 /* FaceView.m in Sources */ = {isa = PBXBuildFile; fileRef = D0A5AED41388ACB500D8E049 /* FaceView.m */; };
		D0A5AED81388ACCC00D8E049 /* HappinessViewController.m in Sources */ = {isa = PBXBuildFile; fileRef = D0A5AED71388ACCC00D8E049 /* HappinessViewController.m */; };
		D0A5AEDA1388ACD600D8E049 /* HappinessViewController.xib in Resources */ = {isa = PBXBuildFile; fileRef = D0A5AED91388ACD600D8E049 /* HappinessViewController.xib */; };
/* End PBXBuildFile section */

/* Begin PBXFileReference section */
		D0A5AEB51388ABE300D8E049 /* Psychologist.app */ = {isa = PBXFileReference; explicitFileType = wrapper.application; includeInIndex = 0; path = Psychologist.app; sourceTree = BUILT_PRODUCTS_DIR; };
		D0A5AEB91388ABE300D8E049 /* UIKit.framework */ = {isa = PBXFileReference; lastKnownFileType = wrapper.framework; name = UIKit.framework; path = System/Library/Frameworks/UIKit.framework; sourceTree = SDKROOT; };
		D0A5AEBB1388ABE300D8E049 /* Foundation.framework */ = {isa = PBXFileReference; lastKnownFileType = wrapper.framework; name = Foundation.framework; path = System/Library/Frameworks/Foundation.framework; sourceTree = SDKROOT; };
		D0A5AEBD1388ABE300D8E049 /* CoreGraphics.framework */ = {isa = PBXFileReference; lastKnownFileType = wrapper.framework; name = CoreGraphics.framework; path = System/Library/Frameworks/CoreGraphics.framework; sourceTree = SDKROOT; };
		D0A5AEC11388ABE300D8E049 /* Psychologist-Info.plist */ = {isa = PBXFileReference; lastKnownFileType = text.plist.xml; path = "Psychologist-Info.plist"; sourceTree = "<group>"; };
		D0A5AEC31388ABE300D8E049 /* en */ = {isa = PBXFileReference; lastKnownFileType = text.plist.strings; name = en; path = en.lproj/InfoPlist.strings; sourceTree = "<group>"; };
		D0A5AEC51388ABE300D8E049 /* Psychologist-Prefix.pch */ = {isa = PBXFileReference; lastKnownFileType = sourcecode.c.h; path = "Psychologist-Prefix.pch"; sourceTree = "<group>"; };
		D0A5AEC61388ABE300D8E049 /* main.m */ = {isa = PBXFileReference; lastKnownFileType = sourcecode.c.objc; path = main.m; sourceTree = "<group>"; };
		D0A5AEC81388ABE300D8E049 /* PsychologistAppDelegate.h */ = {isa = PBXFileReference; lastKnownFileType = sourcecode.c.h; path = PsychologistAppDelegate.h; sourceTree = "<group>"; };
		D0A5AEC91388ABE300D8E049 /* PsychologistAppDelegate.m */ = {isa = PBXFileReference; lastKnownFileType = sourcecode.c.objc; path = PsychologistAppDelegate.m; sourceTree = "<group>"; };
		D0A5AECC1388ABE300D8E049 /* en */ = {isa = PBXFileReference; lastKnownFileType = file.xib; name = en; path = en.lproj/MainWindow.xib; sourceTree = "<group>"; };
		D0A5AED31388ACB500D8E049 /* FaceView.h */ = {isa = PBXFileReference; fileEncoding = 4; lastKnownFileType = sourcecode.c.h; path = FaceView.h; sourceTree = "<group>"; };
		D0A5AED41388ACB500D8E049 /* FaceView.m */ = {isa = PBXFileReference; fileEncoding = 4; lastKnownFileType = sourcecode.c.objc; path = FaceView.m; sourceTree = "<group>"; };
		D0A5AED61388ACCC00D8E049 /* HappinessViewController.h */ = {isa = PBXFileReference; fileEncoding = 4; lastKnownFileType = sourcecode.c.h; path = HappinessViewController.h; sourceTree = "<group>"; };
		D0A5AED71388ACCC00D8E049 /* HappinessViewController.m */ = {isa = PBXFileReference; fileEncoding = 4; lastKnownFileType = sourcecode.c.objc; path = HappinessViewController.m; sourceTree = "<group>"; };
		D0A5AED91388ACD600D8E049 /* HappinessViewController.xib */ = {isa = PBXFileReference; fileEncoding = 4; lastKnownFileType = file.xib; path = HappinessViewController.xib; sourceTree = "<group>"; };
/* End PBXFileReference section */

/* Begin PBXFrameworksBuildPhase section */
		D0A5AEB21388ABE300D8E049 /* Frameworks */ = {
			isa = PBXFrameworksBuildPhase;
			buildActionMask = 2147483647;
			files = (
				D0A5AEBA1388ABE300D8E049 /* UIKit.framework in Frameworks */,
				D0A5AEBC1388ABE300D8E049 /* Foundation.framework in Frameworks */,
				D0A5AEBE1388ABE300D8E049 /* CoreGraphics.framework in Frameworks */,
			);
			runOnlyForDeploymentPostprocessing = 0;
		};
/* End PBXFrameworksBuildPhase section */

/* Begin PBXGroup section */
		D0A5AEAA1388ABE300D8E049 = {
			isa = PBXGroup;
			children = (
				D0A5AEBF1388ABE300D8E049 /* Psychologist */,
				D0A5AEB81388ABE300D8E049 /* Frameworks */,
				D0A5AEB61388ABE300D8E049 /* Products */,
			);
			sourceTree = "<group>";
		};
		D0A5AEB61388ABE300D8E049 /* Products */ = {
			isa = PBXGroup;
			children = (
				D0A5AEB51388ABE300D8E049 /* Psychologist.app */,
			);
			name = Products;
			sourceTree = "<group>";
		};
		D0A5AEB81388ABE300D8E049 /* Frameworks */ = {
			isa = PBXGroup;
			children = (
				D0A5AEB91388ABE300D8E049 /* UIKit.framework */,
				D0A5AEBB1388ABE300D8E049 /* Foundation.framework */,
				D0A5AEBD1388ABE300D8E049 /* CoreGraphics.framework */,
			);
			name = Frameworks;
			sourceTree = "<group>";
		};
		D0A5AEBF1388ABE300D8E049 /* Psychologist */ = {
			isa = PBXGroup;
			children = (
				D0A5AED31388ACB500D8E049 /* FaceView.h */,
				D0A5AED61388ACCC00D8E049 /* HappinessViewController.h */,
				D0A5AED71388ACCC00D8E049 /* HappinessViewController.m */,
				D0A5AED41388ACB500D8E049 /* FaceView.m */,
				D0A5AEC81388ABE300D8E049 /* PsychologistAppDelegate.h */,
				D0A5AEC91388ABE300D8E049 /* PsychologistAppDelegate.m */,
				D0A5AECB1388ABE300D8E049 /* MainWindow.xib */,
				D0A5AEC01388ABE300D8E049 /* Supporting Files */,
			);
			path = Psychologist;
			sourceTree = "<group>";
		};
		D0A5AEC01388ABE300D8E049 /* Supporting Files */ = {
			isa = PBXGroup;
			children = (
				D0A5AED91388ACD600D8E049 /* HappinessViewController.xib */,
				D0A5AEC11388ABE300D8E049 /* Psychologist-Info.plist */,
				D0A5AEC21388ABE300D8E049 /* InfoPlist.strings */,
				D0A5AEC51388ABE300D8E049 /* Psychologist-Prefix.pch */,
				D0A5AEC61388ABE300D8E049 /* main.m */,
			);
			name = "Supporting Files";
			sourceTree = "<group>";
		};
/* End PBXGroup section */

/* Begin PBXNativeTarget section */
		D0A5AEB41388ABE300D8E049 /* Psychologist */ = {
			isa = PBXNativeTarget;
			buildConfigurationList = D0A5AED01388ABE300D8E049 /* Build configuration list for PBXNativeTarget "Psychologist" */;
			buildPhases = (
				D0A5AEB11388ABE300D8E049 /* Sources */,
				D0A5AEB21388ABE300D8E049 /* Frameworks */,
				D0A5AEB31388ABE300D8E049 /* Resources */,
			);
			buildRules = (
			);
			dependencies = (
			);
			name = Psychologist;
			productName = Psychologist;
			productReference = D0A5AEB51388ABE300D8E049 /* Psychologist.app */;
			productType = "com.apple.product-type.application";
		};
/* End PBXNativeTarget section */

/* Begin PBXProject section */
		D0A5AEAC1388ABE300D8E049 /* Project object */ = {
			isa = PBXProject;
			buildConfigurationList = D0A5AEAF1388ABE300D8E049 /* Build configuration list for PBXProject "Psychologist" */;
			compatibilityVersion = "Xcode 3.2";
			developmentRegion = English;
			hasScannedForEncodings = 0;
			knownRegions = (
				en,
			);
			mainGroup = D0A5AEAA1388ABE300D8E049;
			productRefGroup = D0A5AEB61388ABE300D8E049 /* Products */;
			projectDirPath = "";
			projectRoot = "";
			targets = (
				D0A5AEB41388ABE300D8E049 /* Psychologist */,
			);
		};
/* End PBXProject section */

/* Begin PBXResourcesBuildPhase section */
		D0A5AEB31388ABE300D8E049 /* Resources */ = {
			isa = PBXResourcesBuildPhase;
			buildActionMask = 2147483647;
			files = (
				D0A5AEC41388ABE300D8E049 /* InfoPlist.strings in Resources */,
				D0A5AECD1388ABE300D8E049 /* MainWindow.xib in Resources */,
				D0A5AEDA1388ACD600D8E049 /* HappinessViewController.xib in Resources */,
			);
			runOnlyForDeploymentPostprocessing = 0;
		};
/* End PBXResourcesBuildPhase section */

/* Begin PBXSourcesBuildPhase section */
		D0A5AEB11388ABE300D8E049 /* Sources */ = {
			isa = PBXSourcesBuildPhase;
			buildActionMask = 2147483647;
			files = (
				D0A5AEC71388ABE300D8E049 /* main.m in Sources */,
				D0A5AECA1388ABE300D8E049 /* PsychologistAppDelegate.m in Sources */,
				D0A5AED51388ACB500D8E049 /* FaceView.m in Sources */,
				D0A5AED81388ACCC00D8E049 /* HappinessViewController.m in Sources */,
			);
			runOnlyForDeploymentPostprocessing = 0;
		};
/* End PBXSourcesBuildPhase section */

/* Begin PBXVariantGroup section */
		D0A5AEC21388ABE300D8E049 /* InfoPlist.strings */ = {
			isa = PBXVariantGroup;
			children = (
				D0A5AEC31388ABE300D8E049 /* en */,
			);
			name = InfoPlist.strings;
			sourceTree = "<group>";
		};
		D0A5AECB1388ABE300D8E049 /* MainWindow.xib */ = {
			isa = PBXVariantGroup;
			children = (
				D0A5AECC1388ABE300D8E049 /* en */,
			);
			name = MainWindow.xib;
			sourceTree = "<group>";
		};
/* End PBXVariantGroup section */

/* Begin XCBuildConfiguration section */
		D0A5AECE1388ABE300D8E049 /* Debug */ = {
			isa = XCBuildConfiguration;
			buildSettings = {
				ARCHS = "$(ARCHS_STANDARD_32_BIT)";
				"CODE_SIGN_IDENTITY[sdk=iphoneos*]" = "iPhone Developer";
				GCC_C_LANGUAGE_STANDARD = gnu99;
				GCC_OPTIMIZATION_LEVEL = 0;
				GCC_PREPROCESSOR_DEFINITIONS = DEBUG;
				GCC_SYMBOLS_PRIVATE_EXTERN = NO;
				GCC_VERSION = com.apple.compilers.llvmgcc42;
				GCC_WARN_ABOUT_RETURN_TYPE = YES;
				GCC_WARN_UNUSED_VARIABLE = YES;
				IPHONEOS_DEPLOYMENT_TARGET = 4.3;
				SDKROOT = iphoneos;
			};
			name = Debug;
		};
		D0A5AECF1388ABE300D8E049 /* Release */ = {
			isa = XCBuildConfiguration;
			buildSettings = {
				ARCHS = "$(ARCHS_STANDARD_32_BIT)";
				"CODE_SIGN_IDENTITY[sdk=iphoneos*]" = "iPhone Developer";
				GCC_C_LANGUAGE_STANDARD = gnu99;
				GCC_VERSION = com.apple.compilers.llvmgcc42;
				GCC_WARN_ABOUT_RETURN_TYPE = YES;
				GCC_WARN_UNUSED_VARIABLE = YES;
				IPHONEOS_DEPLOYMENT_TARGET = 4.3;
				OTHER_CFLAGS = "-DNS_BLOCK_ASSERTIONS=1";
				SDKROOT = iphoneos;
			};
			name = Release;
		};
		D0A5AED11388ABE300D8E049 /* Debug */ = {
			isa = XCBuildConfiguration;
			buildSettings = {
				ALWAYS_SEARCH_USER_PATHS = NO;
				COPY_PHASE_STRIP = NO;
				GCC_DYNAMIC_NO_PIC = NO;
				GCC_PRECOMPILE_PREFIX_HEADER = YES;
				GCC_PREFIX_HEADER = "Psychologist/Psychologist-Prefix.pch";
				INFOPLIST_FILE = "Psychologist/Psychologist-Info.plist";
				PRODUCT_NAME = "$(TARGET_NAME)";
				WRAPPER_EXTENSION = app;
			};
			name = Debug;
		};
		D0A5AED21388ABE300D8E049 /* Release */ = {
			isa = XCBuildConfiguration;
			buildSettings = {
				ALWAYS_SEARCH_USER_PATHS = NO;
				COPY_PHASE_STRIP = YES;
				GCC_PRECOMPILE_PREFIX_HEADER = YES;
				GCC_PREFIX_HEADER = "Psychologist/Psychologist-Prefix.pch";
				INFOPLIST_FILE = "Psychologist/Psychologist-Info.plist";
				PRODUCT_NAME = "$(TARGET_NAME)";
				VALIDATE_PRODUCT = YES;
				WRAPPER_EXTENSION = app;
			};
			name = Release;
		};
/* End XCBuildConfiguration section */

/* Begin XCConfigurationList section */
		D0A5AEAF1388ABE300D8E049 /* Build configuration list for PBXProject "Psychologist" */ = {
			isa = XCConfigurationList;
			buildConfigurations = (
				D0A5AECE1388ABE300D8E049 /* Debug */,
				D0A5AECF1388ABE300D8E049 /* Release */,
			);
			defaultConfigurationIsVisible = 0;
			defaultConfigurationName = Release;
		};
		D0A5AED01388ABE300D8E049 /* Build configuration list for PBXNativeTarget "Psychologist" */ = {
			isa = XCConfigurationList;
			buildConfigurations = (
				D0A5AED11388ABE300D8E049 /* Debug */,
				D0A5AED21388ABE300D8E049 /* Release */,
			);
			defaultConfigurationIsVisible = 0;
		};
/* End XCConfigurationList section */
	};
	rootObject = D0A5AEAC1388ABE300D8E049 /* Project object */;
}
